// !$*UTF8*$!
{
	archiveVersion = 1;
	classes = {
	};
	objectVersion = 46;
	objects = {

/* Begin PBXBuildFile section */
		AF0FEFBC1AACC3E2000C8F6E /* AppDelegate.swift in Sources */ = {isa = PBXBuildFile; fileRef = AF0FEFBB1AACC3E2000C8F6E /* AppDelegate.swift */; };
		AF0FEFBE1AACC3E2000C8F6E /* MainViewController.swift in Sources */ = {isa = PBXBuildFile; fileRef = AF0FEFBD1AACC3E2000C8F6E /* MainViewController.swift */; };
		AF0FEFC11AACC3E2000C8F6E /* Main.storyboard in Resources */ = {isa = PBXBuildFile; fileRef = AF0FEFBF1AACC3E2000C8F6E /* Main.storyboard */; };
		AF0FEFC31AACC3E2000C8F6E /* Images.xcassets in Resources */ = {isa = PBXBuildFile; fileRef = AF0FEFC21AACC3E2000C8F6E /* Images.xcassets */; };
		AF0FEFC61AACC3E2000C8F6E /* LaunchScreen.xib in Resources */ = {isa = PBXBuildFile; fileRef = AF0FEFC41AACC3E2000C8F6E /* LaunchScreen.xib */; };
		AF0FEFD21AACC3E2000C8F6E /* ProCameraTests.swift in Sources */ = {isa = PBXBuildFile; fileRef = AF0FEFD11AACC3E2000C8F6E /* ProCameraTests.swift */; };
		AF0FEFDC1AACCBC7000C8F6E /* SettingsViewController.swift in Sources */ = {isa = PBXBuildFile; fileRef = AF0FEFDB1AACCBC7000C8F6E /* SettingsViewController.swift */; };
		AF0FEFDF1AACCED6000C8F6E /* SettingBoolTableViewCell.swift in Sources */ = {isa = PBXBuildFile; fileRef = AF0FEFDE1AACCED6000C8F6E /* SettingBoolTableViewCell.swift */; };
		AF0FEFE21AACD2C6000C8F6E /* PictureStyleViewController.swift in Sources */ = {isa = PBXBuildFile; fileRef = AF0FEFE11AACD2C6000C8F6E /* PictureStyleViewController.swift */; };
		AF0FEFE41AACD37E000C8F6E /* PictureStyleTableViewCell.swift in Sources */ = {isa = PBXBuildFile; fileRef = AF0FEFE31AACD37E000C8F6E /* PictureStyleTableViewCell.swift */; };
		AF0FEFE61AAD117C000C8F6E /* PresetTableViewCell.swift in Sources */ = {isa = PBXBuildFile; fileRef = AF0FEFE51AAD117C000C8F6E /* PresetTableViewCell.swift */; };
		AF0FEFE81AAD1424000C8F6E /* SettingOptionsTableViewCell.swift in Sources */ = {isa = PBXBuildFile; fileRef = AF0FEFE71AAD1424000C8F6E /* SettingOptionsTableViewCell.swift */; };
		AF1E8B1B1ABFE8CA004CB34A /* GridView.swift in Sources */ = {isa = PBXBuildFile; fileRef = AF1E8B1A1ABFE8CA004CB34A /* GridView.swift */; };
		AF2434D81ABD570B000DB704 /* ControllCollectionViewCell.swift in Sources */ = {isa = PBXBuildFile; fileRef = AF2434D71ABD570B000DB704 /* ControllCollectionViewCell.swift */; };
		AF2434DC1ABD6246000DB704 /* MeterView.swift in Sources */ = {isa = PBXBuildFile; fileRef = AF2434DB1ABD6246000DB704 /* MeterView.swift */; };
		AF5C7FCD1AC5FABD009B01CB /* CustomNavigationViewController.swift in Sources */ = {isa = PBXBuildFile; fileRef = AF5C7FCC1AC5FABD009B01CB /* CustomNavigationViewController.swift */; };
		AF6469B11AAFDD2A0078EA74 /* AVFoundation.framework in Frameworks */ = {isa = PBXBuildFile; fileRef = AF6469B01AAFDD2A0078EA74 /* AVFoundation.framework */; };
		AF6469B31AAFF7CB0078EA74 /* AVCoreViewController.swift in Sources */ = {isa = PBXBuildFile; fileRef = AF6469B21AAFF7CB0078EA74 /* AVCoreViewController.swift */; };
		AF76F6E41ABBC81C005FD80A /* HistogramView.swift in Sources */ = {isa = PBXBuildFile; fileRef = AF76F6E31ABBC81C005FD80A /* HistogramView.swift */; };
		AF76F6E61ABBE0A5005FD80A /* shutter_sound.mp3 in Resources */ = {isa = PBXBuildFile; fileRef = AF76F6E51ABBE0A5005FD80A /* shutter_sound.mp3 */; };
		AFC0F2471AB1535800F05B46 /* CameraRollViewController.swift in Sources */ = {isa = PBXBuildFile; fileRef = AFC0F2461AB1535800F05B46 /* CameraRollViewController.swift */; };
		AFC0F2491AB4B35F00F05B46 /* CoreImage.framework in Frameworks */ = {isa = PBXBuildFile; fileRef = AFC0F2481AB4B35F00F05B46 /* CoreImage.framework */; };
		AFC0F24B1AB9352C00F05B46 /* CoreGraphics.framework in Frameworks */ = {isa = PBXBuildFile; fileRef = AFC0F24A1AB9352C00F05B46 /* CoreGraphics.framework */; };
		D30432A01ABA6EE100AE4A9D /* CameraValueView.xib in Resources */ = {isa = PBXBuildFile; fileRef = D304329F1ABA6EE100AE4A9D /* CameraValueView.xib */; };
		D30432A21ABA6FB300AE4A9D /* CameraValueView.swift in Sources */ = {isa = PBXBuildFile; fileRef = D30432A11ABA6FB300AE4A9D /* CameraValueView.swift */; };
/* End PBXBuildFile section */

/* Begin PBXContainerItemProxy section */
		AF0FEFCC1AACC3E2000C8F6E /* PBXContainerItemProxy */ = {
			isa = PBXContainerItemProxy;
			containerPortal = AF0FEFAE1AACC3E2000C8F6E /* Project object */;
			proxyType = 1;
			remoteGlobalIDString = AF0FEFB51AACC3E2000C8F6E;
			remoteInfo = ProCamera;
		};
/* End PBXContainerItemProxy section */

/* Begin PBXFileReference section */
		AF0FEFB61AACC3E2000C8F6E /* ProCamera.app */ = {isa = PBXFileReference; explicitFileType = wrapper.application; includeInIndex = 0; path = ProCamera.app; sourceTree = BUILT_PRODUCTS_DIR; };
		AF0FEFBA1AACC3E2000C8F6E /* Info.plist */ = {isa = PBXFileReference; lastKnownFileType = text.plist.xml; path = Info.plist; sourceTree = "<group>"; };
		AF0FEFBB1AACC3E2000C8F6E /* AppDelegate.swift */ = {isa = PBXFileReference; lastKnownFileType = sourcecode.swift; path = AppDelegate.swift; sourceTree = "<group>"; };
		AF0FEFBD1AACC3E2000C8F6E /* MainViewController.swift */ = {isa = PBXFileReference; lastKnownFileType = sourcecode.swift; path = MainViewController.swift; sourceTree = "<group>"; };
		AF0FEFC01AACC3E2000C8F6E /* Base */ = {isa = PBXFileReference; lastKnownFileType = file.storyboard; name = Base; path = Base.lproj/Main.storyboard; sourceTree = "<group>"; };
		AF0FEFC21AACC3E2000C8F6E /* Images.xcassets */ = {isa = PBXFileReference; lastKnownFileType = folder.assetcatalog; path = Images.xcassets; sourceTree = "<group>"; };
		AF0FEFC51AACC3E2000C8F6E /* Base */ = {isa = PBXFileReference; lastKnownFileType = file.xib; name = Base; path = Base.lproj/LaunchScreen.xib; sourceTree = "<group>"; };
		AF0FEFCB1AACC3E2000C8F6E /* ProCameraTests.xctest */ = {isa = PBXFileReference; explicitFileType = wrapper.cfbundle; includeInIndex = 0; path = ProCameraTests.xctest; sourceTree = BUILT_PRODUCTS_DIR; };
		AF0FEFD01AACC3E2000C8F6E /* Info.plist */ = {isa = PBXFileReference; lastKnownFileType = text.plist.xml; path = Info.plist; sourceTree = "<group>"; };
		AF0FEFD11AACC3E2000C8F6E /* ProCameraTests.swift */ = {isa = PBXFileReference; lastKnownFileType = sourcecode.swift; path = ProCameraTests.swift; sourceTree = "<group>"; };
		AF0FEFDB1AACCBC7000C8F6E /* SettingsViewController.swift */ = {isa = PBXFileReference; fileEncoding = 4; lastKnownFileType = sourcecode.swift; path = SettingsViewController.swift; sourceTree = "<group>"; };
		AF0FEFDE1AACCED6000C8F6E /* SettingBoolTableViewCell.swift */ = {isa = PBXFileReference; fileEncoding = 4; lastKnownFileType = sourcecode.swift; path = SettingBoolTableViewCell.swift; sourceTree = "<group>"; };
		AF0FEFE11AACD2C6000C8F6E /* PictureStyleViewController.swift */ = {isa = PBXFileReference; fileEncoding = 4; lastKnownFileType = sourcecode.swift; path = PictureStyleViewController.swift; sourceTree = "<group>"; };
		AF0FEFE31AACD37E000C8F6E /* PictureStyleTableViewCell.swift */ = {isa = PBXFileReference; fileEncoding = 4; lastKnownFileType = sourcecode.swift; path = PictureStyleTableViewCell.swift; sourceTree = "<group>"; };
		AF0FEFE51AAD117C000C8F6E /* PresetTableViewCell.swift */ = {isa = PBXFileReference; fileEncoding = 4; lastKnownFileType = sourcecode.swift; path = PresetTableViewCell.swift; sourceTree = "<group>"; };
		AF0FEFE71AAD1424000C8F6E /* SettingOptionsTableViewCell.swift */ = {isa = PBXFileReference; fileEncoding = 4; lastKnownFileType = sourcecode.swift; path = SettingOptionsTableViewCell.swift; sourceTree = "<group>"; };
		AF1E8B1A1ABFE8CA004CB34A /* GridView.swift */ = {isa = PBXFileReference; fileEncoding = 4; lastKnownFileType = sourcecode.swift; path = GridView.swift; sourceTree = "<group>"; };
		AF2434D71ABD570B000DB704 /* ControllCollectionViewCell.swift */ = {isa = PBXFileReference; fileEncoding = 4; lastKnownFileType = sourcecode.swift; path = ControllCollectionViewCell.swift; sourceTree = "<group>"; };
		AF2434DB1ABD6246000DB704 /* MeterView.swift */ = {isa = PBXFileReference; fileEncoding = 4; lastKnownFileType = sourcecode.swift; name = MeterView.swift; path = ../MeterView.swift; sourceTree = "<group>"; };
		AF5C7FCC1AC5FABD009B01CB /* CustomNavigationViewController.swift */ = {isa = PBXFileReference; fileEncoding = 4; lastKnownFileType = sourcecode.swift; path = CustomNavigationViewController.swift; sourceTree = "<group>"; };
		AF6469B01AAFDD2A0078EA74 /* AVFoundation.framework */ = {isa = PBXFileReference; lastKnownFileType = wrapper.framework; name = AVFoundation.framework; path = System/Library/Frameworks/AVFoundation.framework; sourceTree = SDKROOT; };
		AF6469B21AAFF7CB0078EA74 /* AVCoreViewController.swift */ = {isa = PBXFileReference; fileEncoding = 4; lastKnownFileType = sourcecode.swift; path = AVCoreViewController.swift; sourceTree = "<group>"; };
		AF76F6E31ABBC81C005FD80A /* HistogramView.swift */ = {isa = PBXFileReference; fileEncoding = 4; lastKnownFileType = sourcecode.swift; name = HistogramView.swift; path = ../HistogramView.swift; sourceTree = "<group>"; };
		AF76F6E51ABBE0A5005FD80A /* shutter_sound.mp3 */ = {isa = PBXFileReference; lastKnownFileType = audio.mp3; path = shutter_sound.mp3; sourceTree = "<group>"; };
		AFC0F2461AB1535800F05B46 /* CameraRollViewController.swift */ = {isa = PBXFileReference; fileEncoding = 4; lastKnownFileType = sourcecode.swift; path = CameraRollViewController.swift; sourceTree = "<group>"; };
		AFC0F2481AB4B35F00F05B46 /* CoreImage.framework */ = {isa = PBXFileReference; lastKnownFileType = wrapper.framework; name = CoreImage.framework; path = System/Library/Frameworks/CoreImage.framework; sourceTree = SDKROOT; };
		AFC0F24A1AB9352C00F05B46 /* CoreGraphics.framework */ = {isa = PBXFileReference; lastKnownFileType = wrapper.framework; name = CoreGraphics.framework; path = System/Library/Frameworks/CoreGraphics.framework; sourceTree = SDKROOT; };
		D304329F1ABA6EE100AE4A9D /* CameraValueView.xib */ = {isa = PBXFileReference; fileEncoding = 4; lastKnownFileType = file.xib; path = CameraValueView.xib; sourceTree = "<group>"; };
		D30432A11ABA6FB300AE4A9D /* CameraValueView.swift */ = {isa = PBXFileReference; fileEncoding = 4; lastKnownFileType = sourcecode.swift; path = CameraValueView.swift; sourceTree = "<group>"; };
/* End PBXFileReference section */

/* Begin PBXFrameworksBuildPhase section */
		AF0FEFB31AACC3E2000C8F6E /* Frameworks */ = {
			isa = PBXFrameworksBuildPhase;
			buildActionMask = 2147483647;
			files = (
				AFC0F24B1AB9352C00F05B46 /* CoreGraphics.framework in Frameworks */,
				AFC0F2491AB4B35F00F05B46 /* CoreImage.framework in Frameworks */,
				AF6469B11AAFDD2A0078EA74 /* AVFoundation.framework in Frameworks */,
			);
			runOnlyForDeploymentPostprocessing = 0;
		};
		AF0FEFC81AACC3E2000C8F6E /* Frameworks */ = {
			isa = PBXFrameworksBuildPhase;
			buildActionMask = 2147483647;
			files = (
			);
			runOnlyForDeploymentPostprocessing = 0;
		};
/* End PBXFrameworksBuildPhase section */

/* Begin PBXGroup section */
		AF0FEFAD1AACC3E2000C8F6E = {
			isa = PBXGroup;
			children = (
				AFC0F24A1AB9352C00F05B46 /* CoreGraphics.framework */,
				AFC0F2481AB4B35F00F05B46 /* CoreImage.framework */,
				AF6469B01AAFDD2A0078EA74 /* AVFoundation.framework */,
				AF0FEFB81AACC3E2000C8F6E /* ProCamera */,
				AF0FEFCE1AACC3E2000C8F6E /* ProCameraTests */,
				AF0FEFB71AACC3E2000C8F6E /* Products */,
			);
			sourceTree = "<group>";
		};
		AF0FEFB71AACC3E2000C8F6E /* Products */ = {
			isa = PBXGroup;
			children = (
				AF0FEFB61AACC3E2000C8F6E /* ProCamera.app */,
				AF0FEFCB1AACC3E2000C8F6E /* ProCameraTests.xctest */,
			);
			name = Products;
			sourceTree = "<group>";
		};
		AF0FEFB81AACC3E2000C8F6E /* ProCamera */ = {
			isa = PBXGroup;
			children = (
				AF1E8B191ABFE8A0004CB34A /* Views */,
				AF0FEFE01AACCED9000C8F6E /* TableViewCell */,
				AF0FEFDD1AACCE33000C8F6E /* ViewControllers */,
				AF0FEFBB1AACC3E2000C8F6E /* AppDelegate.swift */,
				AF0FEFBF1AACC3E2000C8F6E /* Main.storyboard */,
				AF0FEFC21AACC3E2000C8F6E /* Images.xcassets */,
				AF0FEFC41AACC3E2000C8F6E /* LaunchScreen.xib */,
				AF0FEFB91AACC3E2000C8F6E /* Supporting Files */,
				D304329F1ABA6EE100AE4A9D /* CameraValueView.xib */,
			);
			path = ProCamera;
			sourceTree = "<group>";
		};
		AF0FEFB91AACC3E2000C8F6E /* Supporting Files */ = {
			isa = PBXGroup;
			children = (
				AF76F6E51ABBE0A5005FD80A /* shutter_sound.mp3 */,
				AF0FEFBA1AACC3E2000C8F6E /* Info.plist */,
			);
			name = "Supporting Files";
			sourceTree = "<group>";
		};
		AF0FEFCE1AACC3E2000C8F6E /* ProCameraTests */ = {
			isa = PBXGroup;
			children = (
				AF0FEFD11AACC3E2000C8F6E /* ProCameraTests.swift */,
				AF0FEFCF1AACC3E2000C8F6E /* Supporting Files */,
			);
			path = ProCameraTests;
			sourceTree = "<group>";
		};
		AF0FEFCF1AACC3E2000C8F6E /* Supporting Files */ = {
			isa = PBXGroup;
			children = (
				AF0FEFD01AACC3E2000C8F6E /* Info.plist */,
			);
			name = "Supporting Files";
			sourceTree = "<group>";
		};
		AF0FEFDD1AACCE33000C8F6E /* ViewControllers */ = {
			isa = PBXGroup;
			children = (
				AF0FEFE11AACD2C6000C8F6E /* PictureStyleViewController.swift */,
				AF0FEFDB1AACCBC7000C8F6E /* SettingsViewController.swift */,
				AF0FEFBD1AACC3E2000C8F6E /* MainViewController.swift */,
				AF6469B21AAFF7CB0078EA74 /* AVCoreViewController.swift */,
				AFC0F2461AB1535800F05B46 /* CameraRollViewController.swift */,
				AF5C7FCC1AC5FABD009B01CB /* CustomNavigationViewController.swift */,
			);
			name = ViewControllers;
			sourceTree = "<group>";
		};
		AF0FEFE01AACCED9000C8F6E /* TableViewCell */ = {
			isa = PBXGroup;
			children = (
				AF2434D71ABD570B000DB704 /* ControllCollectionViewCell.swift */,
				AF0FEFE31AACD37E000C8F6E /* PictureStyleTableViewCell.swift */,
				AF0FEFDE1AACCED6000C8F6E /* SettingBoolTableViewCell.swift */,
				AF0FEFE51AAD117C000C8F6E /* PresetTableViewCell.swift */,
				AF0FEFE71AAD1424000C8F6E /* SettingOptionsTableViewCell.swift */,
			);
			name = TableViewCell;
			sourceTree = "<group>";
		};
		AF1E8B191ABFE8A0004CB34A /* Views */ = {
			isa = PBXGroup;
			children = (
				D30432A11ABA6FB300AE4A9D /* CameraValueView.swift */,
				AF1E8B1A1ABFE8CA004CB34A /* GridView.swift */,
				AF2434DB1ABD6246000DB704 /* MeterView.swift */,
				AF76F6E31ABBC81C005FD80A /* HistogramView.swift */,
			);
			name = Views;
			sourceTree = "<group>";
		};
/* End PBXGroup section */

/* Begin PBXNativeTarget section */
		AF0FEFB51AACC3E2000C8F6E /* ProCamera */ = {
			isa = PBXNativeTarget;
			buildConfigurationList = AF0FEFD51AACC3E2000C8F6E /* Build configuration list for PBXNativeTarget "ProCamera" */;
			buildPhases = (
				AF0FEFB21AACC3E2000C8F6E /* Sources */,
				AF0FEFB31AACC3E2000C8F6E /* Frameworks */,
				AF0FEFB41AACC3E2000C8F6E /* Resources */,
			);
			buildRules = (
			);
			dependencies = (
			);
			name = ProCamera;
			productName = ProCamera;
			productReference = AF0FEFB61AACC3E2000C8F6E /* ProCamera.app */;
			productType = "com.apple.product-type.application";
		};
		AF0FEFCA1AACC3E2000C8F6E /* ProCameraTests */ = {
			isa = PBXNativeTarget;
			buildConfigurationList = AF0FEFD81AACC3E2000C8F6E /* Build configuration list for PBXNativeTarget "ProCameraTests" */;
			buildPhases = (
				AF0FEFC71AACC3E2000C8F6E /* Sources */,
				AF0FEFC81AACC3E2000C8F6E /* Frameworks */,
				AF0FEFC91AACC3E2000C8F6E /* Resources */,
			);
			buildRules = (
			);
			dependencies = (
				AF0FEFCD1AACC3E2000C8F6E /* PBXTargetDependency */,
			);
			name = ProCameraTests;
			productName = ProCameraTests;
			productReference = AF0FEFCB1AACC3E2000C8F6E /* ProCameraTests.xctest */;
			productType = "com.apple.product-type.bundle.unit-test";
		};
/* End PBXNativeTarget section */

/* Begin PBXProject section */
		AF0FEFAE1AACC3E2000C8F6E /* Project object */ = {
			isa = PBXProject;
			attributes = {
				LastUpgradeCheck = 0620;
				ORGANIZATIONNAME = "Hao Wang";
				TargetAttributes = {
					AF0FEFB51AACC3E2000C8F6E = {
						CreatedOnToolsVersion = 6.2;
					};
					AF0FEFCA1AACC3E2000C8F6E = {
						CreatedOnToolsVersion = 6.2;
						TestTargetID = AF0FEFB51AACC3E2000C8F6E;
					};
				};
			};
			buildConfigurationList = AF0FEFB11AACC3E2000C8F6E /* Build configuration list for PBXProject "ProCamera" */;
			compatibilityVersion = "Xcode 3.2";
			developmentRegion = English;
			hasScannedForEncodings = 0;
			knownRegions = (
				en,
				Base,
			);
			mainGroup = AF0FEFAD1AACC3E2000C8F6E;
			productRefGroup = AF0FEFB71AACC3E2000C8F6E /* Products */;
			projectDirPath = "";
			projectRoot = "";
			targets = (
				AF0FEFB51AACC3E2000C8F6E /* ProCamera */,
				AF0FEFCA1AACC3E2000C8F6E /* ProCameraTests */,
			);
		};
/* End PBXProject section */

/* Begin PBXResourcesBuildPhase section */
		AF0FEFB41AACC3E2000C8F6E /* Resources */ = {
			isa = PBXResourcesBuildPhase;
			buildActionMask = 2147483647;
			files = (
				AF0FEFC11AACC3E2000C8F6E /* Main.storyboard in Resources */,
				AF76F6E61ABBE0A5005FD80A /* shutter_sound.mp3 in Resources */,
				D30432A01ABA6EE100AE4A9D /* CameraValueView.xib in Resources */,
				AF0FEFC61AACC3E2000C8F6E /* LaunchScreen.xib in Resources */,
				AF0FEFC31AACC3E2000C8F6E /* Images.xcassets in Resources */,
			);
			runOnlyForDeploymentPostprocessing = 0;
		};
		AF0FEFC91AACC3E2000C8F6E /* Resources */ = {
			isa = PBXResourcesBuildPhase;
			buildActionMask = 2147483647;
			files = (
			);
			runOnlyForDeploymentPostprocessing = 0;
		};
/* End PBXResourcesBuildPhase section */

/* Begin PBXSourcesBuildPhase section */
		AF0FEFB21AACC3E2000C8F6E /* Sources */ = {
			isa = PBXSourcesBuildPhase;
			buildActionMask = 2147483647;
			files = (
				AF2434DC1ABD6246000DB704 /* MeterView.swift in Sources */,
				AF0FEFBE1AACC3E2000C8F6E /* MainViewController.swift in Sources */,
				AF0FEFE21AACD2C6000C8F6E /* PictureStyleViewController.swift in Sources */,
				AF0FEFBC1AACC3E2000C8F6E /* AppDelegate.swift in Sources */,
				D30432A21ABA6FB300AE4A9D /* CameraValueView.swift in Sources */,
				AF0FEFE81AAD1424000C8F6E /* SettingOptionsTableViewCell.swift in Sources */,
				AFC0F2471AB1535800F05B46 /* CameraRollViewController.swift in Sources */,
				AF0FEFDF1AACCED6000C8F6E /* SettingBoolTableViewCell.swift in Sources */,
				AF6469B31AAFF7CB0078EA74 /* AVCoreViewController.swift in Sources */,
				AF5C7FCD1AC5FABD009B01CB /* CustomNavigationViewController.swift in Sources */,
				AF2434D81ABD570B000DB704 /* ControllCollectionViewCell.swift in Sources */,
				AF0FEFE61AAD117C000C8F6E /* PresetTableViewCell.swift in Sources */,
				AF0FEFE41AACD37E000C8F6E /* PictureStyleTableViewCell.swift in Sources */,
				AF0FEFDC1AACCBC7000C8F6E /* SettingsViewController.swift in Sources */,
				AF1E8B1B1ABFE8CA004CB34A /* GridView.swift in Sources */,
				AF76F6E41ABBC81C005FD80A /* HistogramView.swift in Sources */,
			);
			runOnlyForDeploymentPostprocessing = 0;
		};
		AF0FEFC71AACC3E2000C8F6E /* Sources */ = {
			isa = PBXSourcesBuildPhase;
			buildActionMask = 2147483647;
			files = (
				AF0FEFD21AACC3E2000C8F6E /* ProCameraTests.swift in Sources */,
			);
			runOnlyForDeploymentPostprocessing = 0;
		};
/* End PBXSourcesBuildPhase section */

/* Begin PBXTargetDependency section */
		AF0FEFCD1AACC3E2000C8F6E /* PBXTargetDependency */ = {
			isa = PBXTargetDependency;
			target = AF0FEFB51AACC3E2000C8F6E /* ProCamera */;
			targetProxy = AF0FEFCC1AACC3E2000C8F6E /* PBXContainerItemProxy */;
		};
/* End PBXTargetDependency section */

/* Begin PBXVariantGroup section */
		AF0FEFBF1AACC3E2000C8F6E /* Main.storyboard */ = {
			isa = PBXVariantGroup;
			children = (
				AF0FEFC01AACC3E2000C8F6E /* Base */,
			);
			name = Main.storyboard;
			sourceTree = "<group>";
		};
		AF0FEFC41AACC3E2000C8F6E /* LaunchScreen.xib */ = {
			isa = PBXVariantGroup;
			children = (
				AF0FEFC51AACC3E2000C8F6E /* Base */,
			);
			name = LaunchScreen.xib;
			sourceTree = "<group>";
		};
/* End PBXVariantGroup section */

/* Begin XCBuildConfiguration section */
		AF0FEFD31AACC3E2000C8F6E /* Debug */ = {
			isa = XCBuildConfiguration;
			buildSettings = {
				ALWAYS_SEARCH_USER_PATHS = NO;
				CLANG_CXX_LANGUAGE_STANDARD = "gnu++0x";
				CLANG_CXX_LIBRARY = "libc++";
				CLANG_ENABLE_MODULES = YES;
				CLANG_ENABLE_OBJC_ARC = YES;
				CLANG_WARN_BOOL_CONVERSION = YES;
				CLANG_WARN_CONSTANT_CONVERSION = YES;
				CLANG_WARN_DIRECT_OBJC_ISA_USAGE = YES_ERROR;
				CLANG_WARN_EMPTY_BODY = YES;
				CLANG_WARN_ENUM_CONVERSION = YES;
				CLANG_WARN_INT_CONVERSION = YES;
				CLANG_WARN_OBJC_ROOT_CLASS = YES_ERROR;
				CLANG_WARN_UNREACHABLE_CODE = YES;
				CLANG_WARN__DUPLICATE_METHOD_MATCH = YES;
				"CODE_SIGN_IDENTITY[sdk=iphoneos*]" = "iPhone Developer";
				COPY_PHASE_STRIP = NO;
				ENABLE_STRICT_OBJC_MSGSEND = YES;
				GCC_C_LANGUAGE_STANDARD = gnu99;
				GCC_DYNAMIC_NO_PIC = NO;
				GCC_OPTIMIZATION_LEVEL = 0;
				GCC_PREPROCESSOR_DEFINITIONS = (
					"DEBUG=1",
					"$(inherited)",
				);
				GCC_SYMBOLS_PRIVATE_EXTERN = NO;
				GCC_WARN_64_TO_32_BIT_CONVERSION = YES;
				GCC_WARN_ABOUT_RETURN_TYPE = YES_ERROR;
				GCC_WARN_UNDECLARED_SELECTOR = YES;
				GCC_WARN_UNINITIALIZED_AUTOS = YES_AGGRESSIVE;
				GCC_WARN_UNUSED_FUNCTION = YES;
				GCC_WARN_UNUSED_VARIABLE = YES;
				IPHONEOS_DEPLOYMENT_TARGET = 8.2;
				MTL_ENABLE_DEBUG_INFO = YES;
				ONLY_ACTIVE_ARCH = YES;
				SDKROOT = iphoneos;
				SWIFT_OPTIMIZATION_LEVEL = "-Onone";
				TARGETED_DEVICE_FAMILY = "1,2";
			};
			name = Debug;
		};
		AF0FEFD41AACC3E2000C8F6E /* Release */ = {
			isa = XCBuildConfiguration;
			buildSettings = {
				ALWAYS_SEARCH_USER_PATHS = NO;
				CLANG_CXX_LANGUAGE_STANDARD = "gnu++0x";
				CLANG_CXX_LIBRARY = "libc++";
				CLANG_ENABLE_MODULES = YES;
				CLANG_ENABLE_OBJC_ARC = YES;
				CLANG_WARN_BOOL_CONVERSION = YES;
				CLANG_WARN_CONSTANT_CONVERSION = YES;
				CLANG_WARN_DIRECT_OBJC_ISA_USAGE = YES_ERROR;
				CLANG_WARN_EMPTY_BODY = YES;
				CLANG_WARN_ENUM_CONVERSION = YES;
				CLANG_WARN_INT_CONVERSION = YES;
				CLANG_WARN_OBJC_ROOT_CLASS = YES_ERROR;
				CLANG_WARN_UNREACHABLE_CODE = YES;
				CLANG_WARN__DUPLICATE_METHOD_MATCH = YES;
				"CODE_SIGN_IDENTITY[sdk=iphoneos*]" = "iPhone Developer";
				COPY_PHASE_STRIP = NO;
				ENABLE_NS_ASSERTIONS = NO;
				ENABLE_STRICT_OBJC_MSGSEND = YES;
				GCC_C_LANGUAGE_STANDARD = gnu99;
				GCC_WARN_64_TO_32_BIT_CONVERSION = YES;
				GCC_WARN_ABOUT_RETURN_TYPE = YES_ERROR;
				GCC_WARN_UNDECLARED_SELECTOR = YES;
				GCC_WARN_UNINITIALIZED_AUTOS = YES_AGGRESSIVE;
				GCC_WARN_UNUSED_FUNCTION = YES;
				GCC_WARN_UNUSED_VARIABLE = YES;
				IPHONEOS_DEPLOYMENT_TARGET = 8.2;
				MTL_ENABLE_DEBUG_INFO = NO;
				SDKROOT = iphoneos;
				TARGETED_DEVICE_FAMILY = "1,2";
				VALIDATE_PRODUCT = YES;
			};
			name = Release;
		};
		AF0FEFD61AACC3E2000C8F6E /* Debug */ = {
			isa = XCBuildConfiguration;
			buildSettings = {
				ASSETCATALOG_COMPILER_APPICON_NAME = AppIcon;
				INFOPLIST_FILE = ProCamera/Info.plist;
				IPHONEOS_DEPLOYMENT_TARGET = 8.0;
				LD_RUNPATH_SEARCH_PATHS = "$(inherited) @executable_path/Frameworks";
				PRODUCT_NAME = "$(TARGET_NAME)";
				TARGETED_DEVICE_FAMILY = 1;
			};
			name = Debug;
		};
		AF0FEFD71AACC3E2000C8F6E /* Release */ = {
			isa = XCBuildConfiguration;
			buildSettings = {
				ASSETCATALOG_COMPILER_APPICON_NAME = AppIcon;
				INFOPLIST_FILE = ProCamera/Info.plist;
				IPHONEOS_DEPLOYMENT_TARGET = 8.0;
				LD_RUNPATH_SEARCH_PATHS = "$(inherited) @executable_path/Frameworks";
				PRODUCT_NAME = "$(TARGET_NAME)";
				TARGETED_DEVICE_FAMILY = 1;
			};
			name = Release;
		};
		AF0FEFD91AACC3E2000C8F6E /* Debug */ = {
			isa = XCBuildConfiguration;
			buildSettings = {
				BUNDLE_LOADER = "$(TEST_HOST)";
				FRAMEWORK_SEARCH_PATHS = (
					"$(SDKROOT)/Developer/Library/Frameworks",
					"$(inherited)",
				);
				GCC_PREPROCESSOR_DEFINITIONS = (
					"DEBUG=1",
					"$(inherited)",
				);
				INFOPLIST_FILE = ProCameraTests/Info.plist;
				LD_RUNPATH_SEARCH_PATHS = "$(inherited) @executable_path/Frameworks @loader_path/Frameworks";
				PRODUCT_NAME = "$(TARGET_NAME)";
				TEST_HOST = "$(BUILT_PRODUCTS_DIR)/ProCamera.app/ProCamera";
			};
			name = Debug;
		};
		AF0FEFDA1AACC3E2000C8F6E /* Release */ = {
			isa = XCBuildConfiguration;
			buildSettings = {
				BUNDLE_LOADER = "$(TEST_HOST)";
				FRAMEWORK_SEARCH_PATHS = (
					"$(SDKROOT)/Developer/Library/Frameworks",
					"$(inherited)",
				);
				INFOPLIST_FILE = ProCameraTests/Info.plist;
				LD_RUNPATH_SEARCH_PATHS = "$(inherited) @executable_path/Frameworks @loader_path/Frameworks";
				PRODUCT_NAME = "$(TARGET_NAME)";
				TEST_HOST = "$(BUILT_PRODUCTS_DIR)/ProCamera.app/ProCamera";
			};
			name = Release;
		};
/* End XCBuildConfiguration section */

/* Begin XCConfigurationList section */
		AF0FEFB11AACC3E2000C8F6E /* Build configuration list for PBXProject "ProCamera" */ = {
			isa = XCConfigurationList;
			buildConfigurations = (
				AF0FEFD31AACC3E2000C8F6E /* Debug */,
				AF0FEFD41AACC3E2000C8F6E /* Release */,
			);
			defaultConfigurationIsVisible = 0;
			defaultConfigurationName = Release;
		};
		AF0FEFD51AACC3E2000C8F6E /* Build configuration list for PBXNativeTarget "ProCamera" */ = {
			isa = XCConfigurationList;
			buildConfigurations = (
				AF0FEFD61AACC3E2000C8F6E /* Debug */,
				AF0FEFD71AACC3E2000C8F6E /* Release */,
			);
			defaultConfigurationIsVisible = 0;
			defaultConfigurationName = Release;
		};
		AF0FEFD81AACC3E2000C8F6E /* Build configuration list for PBXNativeTarget "ProCameraTests" */ = {
			isa = XCConfigurationList;
			buildConfigurations = (
				AF0FEFD91AACC3E2000C8F6E /* Debug */,
				AF0FEFDA1AACC3E2000C8F6E /* Release */,
			);
			defaultConfigurationIsVisible = 0;
			defaultConfigurationName = Release;
		};
/* End XCConfigurationList section */
	};
	rootObject = AF0FEFAE1AACC3E2000C8F6E /* Project object */;
}
